
Microsoft Visual Studio Solution File, Format Version 12.00
# Visual Studio Version 16
VisualStudioVersion = 16.0.29230.47
MinimumVisualStudioVersion = 10.0.40219.1
Project("{FAE04EC0-301F-11D3-BF4B-00C04F79EFBC}") = "RockPaperScissors", "RockPaperScissors.csproj", "{784957EF-41DE-4AD4-A63E-83473CB65676}"
EndProject
Global
	GlobalSection(SolutionConfigurationPlatforms) = preSolution
		Debug|Any CPU = Debug|Any CPU
		Release|Any CPU = Release|Any CPU
	EndGlobalSection
	GlobalSection(ProjectConfigurationPlatforms) = postSolution
		{784957EF-41DE-4AD4-A63E-83473CB65676}.Debug|Any CPU.ActiveCfg = Debug|Any CPU
		{784957EF-41DE-4AD4-A63E-83473CB65676}.Debug|Any CPU.Build.0 = Debug|Any CPU
		{784957EF-41DE-4AD4-A63E-83473CB65676}.Release|Any CPU.ActiveCfg = Release|Any CPU
		{784957EF-41DE-4AD4-A63E-83473CB65676}.Release|Any CPU.Build.0 = Release|Any CPU
	EndGlobalSection
	GlobalSection(SolutionProperties) = preSolution
		HideSolutionNode = FALSE
	EndGlobalSection
	GlobalSection(ExtensibilityGlobals) = postSolution
		SolutionGuid = {E71B0947-A3F7-48E3-A1C3-2B1FB9A4E326}
	EndGlobalSection
EndGlobal
